# THIS IS AN AUTOGENERATED FILE. DO NOT EDIT THIS FILE DIRECTLY.
# yarn lockfile v1


vuex-type-helper@^1.2.2:
  version "1.2.2"
  resolved "https://registry.yarnpkg.com/vuex-type-helper/-/vuex-type-helper-1.2.2.tgz#a0d4d1d440bbb64df5b469bc65001935372b1a73"
  integrity sha512-s8SKx952+eKyfgne2i74rup2u6vEfV12rFO0o43XpmU2SPtprnx+9Dm0g3eWiKmfoiCLkVhUshwwFb9pfo7LpQ==
